// !$*UTF8*$!
{
	archiveVersion = 1;
	classes = {
	};
	objectVersion = 56;
	objects = {

/* Begin PBXBuildFile section */
		C7D7800A2A65E9CC00AF20F6 /* CoreDataProjectApp.swift in Sources */ = {isa = PBXBuildFile; fileRef = C7D780092A65E9CC00AF20F6 /* CoreDataProjectApp.swift */; };
		C7D7800C2A65E9CC00AF20F6 /* ContentView.swift in Sources */ = {isa = PBXBuildFile; fileRef = C7D7800B2A65E9CC00AF20F6 /* ContentView.swift */; };
		C7D7800E2A65E9CE00AF20F6 /* Assets.xcassets in Resources */ = {isa = PBXBuildFile; fileRef = C7D7800D2A65E9CE00AF20F6 /* Assets.xcassets */; };
		C7D780112A65E9CE00AF20F6 /* Preview Assets.xcassets in Resources */ = {isa = PBXBuildFile; fileRef = C7D780102A65E9CE00AF20F6 /* Preview Assets.xcassets */; };
		C7D780182A65EA6700AF20F6 /* DataController.swift in Sources */ = {isa = PBXBuildFile; fileRef = C7D780172A65EA6700AF20F6 /* DataController.swift */; };
		C7D7801B2A65EC5600AF20F6 /* CoreDataProject.xcdatamodeld in Sources */ = {isa = PBXBuildFile; fileRef = C7D780192A65EC5600AF20F6 /* CoreDataProject.xcdatamodeld */; };
		C7D7801E2A6604DA00AF20F6 /* Movie+CoreDataClass.swift in Sources */ = {isa = PBXBuildFile; fileRef = C7D7801C2A6604DA00AF20F6 /* Movie+CoreDataClass.swift */; };
		C7D7801F2A6604DA00AF20F6 /* Movie+CoreDataProperties.swift in Sources */ = {isa = PBXBuildFile; fileRef = C7D7801D2A6604DA00AF20F6 /* Movie+CoreDataProperties.swift */; };
		C7D780222A6638D300AF20F6 /* Singer+CoreDataClass.swift in Sources */ = {isa = PBXBuildFile; fileRef = C7D780202A6638D300AF20F6 /* Singer+CoreDataClass.swift */; };
		C7D780232A6638D300AF20F6 /* Singer+CoreDataProperties.swift in Sources */ = {isa = PBXBuildFile; fileRef = C7D780212A6638D300AF20F6 /* Singer+CoreDataProperties.swift */; };
		C7D780252A66B49600AF20F6 /* FilteredList.swift in Sources */ = {isa = PBXBuildFile; fileRef = C7D780242A66B49600AF20F6 /* FilteredList.swift */; };
		C7D7802A2A66CF6D00AF20F6 /* Candy+CoreDataClass.swift in Sources */ = {isa = PBXBuildFile; fileRef = C7D780262A66CF6D00AF20F6 /* Candy+CoreDataClass.swift */; };
		C7D7802B2A66CF6D00AF20F6 /* Candy+CoreDataProperties.swift in Sources */ = {isa = PBXBuildFile; fileRef = C7D780272A66CF6D00AF20F6 /* Candy+CoreDataProperties.swift */; };
		C7D7802C2A66CF6D00AF20F6 /* Country+CoreDataClass.swift in Sources */ = {isa = PBXBuildFile; fileRef = C7D780282A66CF6D00AF20F6 /* Country+CoreDataClass.swift */; };
		C7D7802D2A66CF6D00AF20F6 /* Country+CoreDataProperties.swift in Sources */ = {isa = PBXBuildFile; fileRef = C7D780292A66CF6D00AF20F6 /* Country+CoreDataProperties.swift */; };
/* End PBXBuildFile section */

/* Begin PBXFileReference section */
		C7D780062A65E9CC00AF20F6 /* CoreDataProject.app */ = {isa = PBXFileReference; explicitFileType = wrapper.application; includeInIndex = 0; path = CoreDataProject.app; sourceTree = BUILT_PRODUCTS_DIR; };
		C7D780092A65E9CC00AF20F6 /* CoreDataProjectApp.swift */ = {isa = PBXFileReference; lastKnownFileType = sourcecode.swift; path = CoreDataProjectApp.swift; sourceTree = "<group>"; };
		C7D7800B2A65E9CC00AF20F6 /* ContentView.swift */ = {isa = PBXFileReference; lastKnownFileType = sourcecode.swift; path = ContentView.swift; sourceTree = "<group>"; };
		C7D7800D2A65E9CE00AF20F6 /* Assets.xcassets */ = {isa = PBXFileReference; lastKnownFileType = folder.assetcatalog; path = Assets.xcassets; sourceTree = "<group>"; };
		C7D780102A65E9CE00AF20F6 /* Preview Assets.xcassets */ = {isa = PBXFileReference; lastKnownFileType = folder.assetcatalog; path = "Preview Assets.xcassets"; sourceTree = "<group>"; };
		C7D780172A65EA6700AF20F6 /* DataController.swift */ = {isa = PBXFileReference; lastKnownFileType = sourcecode.swift; path = DataController.swift; sourceTree = "<group>"; };
		C7D7801A2A65EC5600AF20F6 /* CoreDataProject.xcdatamodel */ = {isa = PBXFileReference; lastKnownFileType = wrapper.xcdatamodel; path = CoreDataProject.xcdatamodel; sourceTree = "<group>"; };
		C7D7801C2A6604DA00AF20F6 /* Movie+CoreDataClass.swift */ = {isa = PBXFileReference; lastKnownFileType = sourcecode.swift; path = "Movie+CoreDataClass.swift"; sourceTree = "<group>"; };
		C7D7801D2A6604DA00AF20F6 /* Movie+CoreDataProperties.swift */ = {isa = PBXFileReference; lastKnownFileType = sourcecode.swift; path = "Movie+CoreDataProperties.swift"; sourceTree = "<group>"; };
		C7D780202A6638D300AF20F6 /* Singer+CoreDataClass.swift */ = {isa = PBXFileReference; lastKnownFileType = sourcecode.swift; path = "Singer+CoreDataClass.swift"; sourceTree = "<group>"; };
		C7D780212A6638D300AF20F6 /* Singer+CoreDataProperties.swift */ = {isa = PBXFileReference; lastKnownFileType = sourcecode.swift; path = "Singer+CoreDataProperties.swift"; sourceTree = "<group>"; };
		C7D780242A66B49600AF20F6 /* FilteredList.swift */ = {isa = PBXFileReference; lastKnownFileType = sourcecode.swift; path = FilteredList.swift; sourceTree = "<group>"; };
		C7D780262A66CF6D00AF20F6 /* Candy+CoreDataClass.swift */ = {isa = PBXFileReference; lastKnownFileType = sourcecode.swift; path = "Candy+CoreDataClass.swift"; sourceTree = "<group>"; };
		C7D780272A66CF6D00AF20F6 /* Candy+CoreDataProperties.swift */ = {isa = PBXFileReference; lastKnownFileType = sourcecode.swift; path = "Candy+CoreDataProperties.swift"; sourceTree = "<group>"; };
		C7D780282A66CF6D00AF20F6 /* Country+CoreDataClass.swift */ = {isa = PBXFileReference; lastKnownFileType = sourcecode.swift; path = "Country+CoreDataClass.swift"; sourceTree = "<group>"; };
		C7D780292A66CF6D00AF20F6 /* Country+CoreDataProperties.swift */ = {isa = PBXFileReference; lastKnownFileType = sourcecode.swift; path = "Country+CoreDataProperties.swift"; sourceTree = "<group>"; };
/* End PBXFileReference section */

/* Begin PBXFrameworksBuildPhase section */
		C7D780032A65E9CC00AF20F6 /* Frameworks */ = {
			isa = PBXFrameworksBuildPhase;
			buildActionMask = 2147483647;
			files = (
			);
			runOnlyForDeploymentPostprocessing = 0;
		};
/* End PBXFrameworksBuildPhase section */

/* Begin PBXGroup section */
		C7D77FFD2A65E9CC00AF20F6 = {
			isa = PBXGroup;
			children = (
				C7D780082A65E9CC00AF20F6 /* CoreDataProject */,
				C7D780072A65E9CC00AF20F6 /* Products */,
			);
			sourceTree = "<group>";
		};
		C7D780072A65E9CC00AF20F6 /* Products */ = {
			isa = PBXGroup;
			children = (
				C7D780062A65E9CC00AF20F6 /* CoreDataProject.app */,
			);
			name = Products;
			sourceTree = "<group>";
		};
		C7D780082A65E9CC00AF20F6 /* CoreDataProject */ = {
			isa = PBXGroup;
			children = (
				C7D780262A66CF6D00AF20F6 /* Candy+CoreDataClass.swift */,
				C7D780272A66CF6D00AF20F6 /* Candy+CoreDataProperties.swift */,
				C7D780282A66CF6D00AF20F6 /* Country+CoreDataClass.swift */,
				C7D780292A66CF6D00AF20F6 /* Country+CoreDataProperties.swift */,
				C7D780202A6638D300AF20F6 /* Singer+CoreDataClass.swift */,
				C7D780212A6638D300AF20F6 /* Singer+CoreDataProperties.swift */,
				C7D7801C2A6604DA00AF20F6 /* Movie+CoreDataClass.swift */,
				C7D7801D2A6604DA00AF20F6 /* Movie+CoreDataProperties.swift */,
				C7D780092A65E9CC00AF20F6 /* CoreDataProjectApp.swift */,
				C7D780172A65EA6700AF20F6 /* DataController.swift */,
				C7D780192A65EC5600AF20F6 /* CoreDataProject.xcdatamodeld */,
				C7D7800B2A65E9CC00AF20F6 /* ContentView.swift */,
				C7D780242A66B49600AF20F6 /* FilteredList.swift */,
				C7D7800D2A65E9CE00AF20F6 /* Assets.xcassets */,
				C7D7800F2A65E9CE00AF20F6 /* Preview Content */,
			);
			path = CoreDataProject;
			sourceTree = "<group>";
		};
		C7D7800F2A65E9CE00AF20F6 /* Preview Content */ = {
			isa = PBXGroup;
			children = (
				C7D780102A65E9CE00AF20F6 /* Preview Assets.xcassets */,
			);
			path = "Preview Content";
			sourceTree = "<group>";
		};
/* End PBXGroup section */

/* Begin PBXNativeTarget section */
		C7D780052A65E9CC00AF20F6 /* CoreDataProject */ = {
			isa = PBXNativeTarget;
			buildConfigurationList = C7D780142A65E9CE00AF20F6 /* Build configuration list for PBXNativeTarget "CoreDataProject" */;
			buildPhases = (
				C7D780022A65E9CC00AF20F6 /* Sources */,
				C7D780032A65E9CC00AF20F6 /* Frameworks */,
				C7D780042A65E9CC00AF20F6 /* Resources */,
			);
			buildRules = (
			);
			dependencies = (
			);
			name = CoreDataProject;
			productName = CoreDataProject;
			productReference = C7D780062A65E9CC00AF20F6 /* CoreDataProject.app */;
			productType = "com.apple.product-type.application";
		};
/* End PBXNativeTarget section */

/* Begin PBXProject section */
		C7D77FFE2A65E9CC00AF20F6 /* Project object */ = {
			isa = PBXProject;
			attributes = {
				BuildIndependentTargetsInParallel = 1;
				LastSwiftUpdateCheck = 1430;
				LastUpgradeCheck = 1430;
				TargetAttributes = {
					C7D780052A65E9CC00AF20F6 = {
						CreatedOnToolsVersion = 14.3.1;
					};
				};
			};
			buildConfigurationList = C7D780012A65E9CC00AF20F6 /* Build configuration list for PBXProject "CoreDataProject" */;
			compatibilityVersion = "Xcode 14.0";
			developmentRegion = en;
			hasScannedForEncodings = 0;
			knownRegions = (
				en,
				Base,
			);
			mainGroup = C7D77FFD2A65E9CC00AF20F6;
			productRefGroup = C7D780072A65E9CC00AF20F6 /* Products */;
			projectDirPath = "";
			projectRoot = "";
			targets = (
				C7D780052A65E9CC00AF20F6 /* CoreDataProject */,
			);
		};
/* End PBXProject section */

/* Begin PBXResourcesBuildPhase section */
		C7D780042A65E9CC00AF20F6 /* Resources */ = {
			isa = PBXResourcesBuildPhase;
			buildActionMask = 2147483647;
			files = (
				C7D780112A65E9CE00AF20F6 /* Preview Assets.xcassets in Resources */,
				C7D7800E2A65E9CE00AF20F6 /* Assets.xcassets in Resources */,
			);
			runOnlyForDeploymentPostprocessing = 0;
		};
/* End PBXResourcesBuildPhase section */

/* Begin PBXSourcesBuildPhase section */
		C7D780022A65E9CC00AF20F6 /* Sources */ = {
			isa = PBXSourcesBuildPhase;
			buildActionMask = 2147483647;
			files = (
				C7D780222A6638D300AF20F6 /* Singer+CoreDataClass.swift in Sources */,
				C7D7802A2A66CF6D00AF20F6 /* Candy+CoreDataClass.swift in Sources */,
				C7D7802D2A66CF6D00AF20F6 /* Country+CoreDataProperties.swift in Sources */,
				C7D7802C2A66CF6D00AF20F6 /* Country+CoreDataClass.swift in Sources */,
				C7D7802B2A66CF6D00AF20F6 /* Candy+CoreDataProperties.swift in Sources */,
				C7D7800C2A65E9CC00AF20F6 /* ContentView.swift in Sources */,
				C7D780252A66B49600AF20F6 /* FilteredList.swift in Sources */,
				C7D780182A65EA6700AF20F6 /* DataController.swift in Sources */,
				C7D7801B2A65EC5600AF20F6 /* CoreDataProject.xcdatamodeld in Sources */,
				C7D7801E2A6604DA00AF20F6 /* Movie+CoreDataClass.swift in Sources */,
				C7D780232A6638D300AF20F6 /* Singer+CoreDataProperties.swift in Sources */,
				C7D7801F2A6604DA00AF20F6 /* Movie+CoreDataProperties.swift in Sources */,
				C7D7800A2A65E9CC00AF20F6 /* CoreDataProjectApp.swift in Sources */,
			);
			runOnlyForDeploymentPostprocessing = 0;
		};
/* End PBXSourcesBuildPhase section */

/* Begin XCBuildConfiguration section */
		C7D780122A65E9CE00AF20F6 /* Debug */ = {
			isa = XCBuildConfiguration;
			buildSettings = {
				ALWAYS_SEARCH_USER_PATHS = NO;
				CLANG_ANALYZER_NONNULL = YES;
				CLANG_ANALYZER_NUMBER_OBJECT_CONVERSION = YES_AGGRESSIVE;
				CLANG_CXX_LANGUAGE_STANDARD = "gnu++20";
				CLANG_ENABLE_MODULES = YES;
				CLANG_ENABLE_OBJC_ARC = YES;
				CLANG_ENABLE_OBJC_WEAK = YES;
				CLANG_WARN_BLOCK_CAPTURE_AUTORELEASING = YES;
				CLANG_WARN_BOOL_CONVERSION = YES;
				CLANG_WARN_COMMA = YES;
				CLANG_WARN_CONSTANT_CONVERSION = YES;
				CLANG_WARN_DEPRECATED_OBJC_IMPLEMENTATIONS = YES;
				CLANG_WARN_DIRECT_OBJC_ISA_USAGE = YES_ERROR;
				CLANG_WARN_DOCUMENTATION_COMMENTS = YES;
				CLANG_WARN_EMPTY_BODY = YES;
				CLANG_WARN_ENUM_CONVERSION = YES;
				CLANG_WARN_INFINITE_RECURSION = YES;
				CLANG_WARN_INT_CONVERSION = YES;
				CLANG_WARN_NON_LITERAL_NULL_CONVERSION = YES;
				CLANG_WARN_OBJC_IMPLICIT_RETAIN_SELF = YES;
				CLANG_WARN_OBJC_LITERAL_CONVERSION = YES;
				CLANG_WARN_OBJC_ROOT_CLASS = YES_ERROR;
				CLANG_WARN_QUOTED_INCLUDE_IN_FRAMEWORK_HEADER = YES;
				CLANG_WARN_RANGE_LOOP_ANALYSIS = YES;
				CLANG_WARN_STRICT_PROTOTYPES = YES;
				CLANG_WARN_SUSPICIOUS_MOVE = YES;
				CLANG_WARN_UNGUARDED_AVAILABILITY = YES_AGGRESSIVE;
				CLANG_WARN_UNREACHABLE_CODE = YES;
				CLANG_WARN__DUPLICATE_METHOD_MATCH = YES;
				COPY_PHASE_STRIP = NO;
				DEBUG_INFORMATION_FORMAT = dwarf;
				ENABLE_STRICT_OBJC_MSGSEND = YES;
				ENABLE_TESTABILITY = YES;
				GCC_C_LANGUAGE_STANDARD = gnu11;
				GCC_DYNAMIC_NO_PIC = NO;
				GCC_NO_COMMON_BLOCKS = YES;
				GCC_OPTIMIZATION_LEVEL = 0;
				GCC_PREPROCESSOR_DEFINITIONS = (
					"DEBUG=1",
					"$(inherited)",
				);
				GCC_WARN_64_TO_32_BIT_CONVERSION = YES;
				GCC_WARN_ABOUT_RETURN_TYPE = YES_ERROR;
				GCC_WARN_UNDECLARED_SELECTOR = YES;
				GCC_WARN_UNINITIALIZED_AUTOS = YES_AGGRESSIVE;
				GCC_WARN_UNUSED_FUNCTION = YES;
				GCC_WARN_UNUSED_VARIABLE = YES;
				IPHONEOS_DEPLOYMENT_TARGET = 16.4;
				MTL_ENABLE_DEBUG_INFO = INCLUDE_SOURCE;
				MTL_FAST_MATH = YES;
				ONLY_ACTIVE_ARCH = YES;
				SDKROOT = iphoneos;
				SWIFT_ACTIVE_COMPILATION_CONDITIONS = DEBUG;
				SWIFT_OPTIMIZATION_LEVEL = "-Onone";
			};
			name = Debug;
		};
		C7D780132A65E9CE00AF20F6 /* Release */ = {
			isa = XCBuildConfiguration;
			buildSettings = {
				ALWAYS_SEARCH_USER_PATHS = NO;
				CLANG_ANALYZER_NONNULL = YES;
				CLANG_ANALYZER_NUMBER_OBJECT_CONVERSION = YES_AGGRESSIVE;
				CLANG_CXX_LANGUAGE_STANDARD = "gnu++20";
				CLANG_ENABLE_MODULES = YES;
				CLANG_ENABLE_OBJC_ARC = YES;
				CLANG_ENABLE_OBJC_WEAK = YES;
				CLANG_WARN_BLOCK_CAPTURE_AUTORELEASING = YES;
				CLANG_WARN_BOOL_CONVERSION = YES;
				CLANG_WARN_COMMA = YES;
				CLANG_WARN_CONSTANT_CONVERSION = YES;
				CLANG_WARN_DEPRECATED_OBJC_IMPLEMENTATIONS = YES;
				CLANG_WARN_DIRECT_OBJC_ISA_USAGE = YES_ERROR;
				CLANG_WARN_DOCUMENTATION_COMMENTS = YES;
				CLANG_WARN_EMPTY_BODY = YES;
				CLANG_WARN_ENUM_CONVERSION = YES;
				CLANG_WARN_INFINITE_RECURSION = YES;
				CLANG_WARN_INT_CONVERSION = YES;
				CLANG_WARN_NON_LITERAL_NULL_CONVERSION = YES;
				CLANG_WARN_OBJC_IMPLICIT_RETAIN_SELF = YES;
				CLANG_WARN_OBJC_LITERAL_CONVERSION = YES;
				CLANG_WARN_OBJC_ROOT_CLASS = YES_ERROR;
				CLANG_WARN_QUOTED_INCLUDE_IN_FRAMEWORK_HEADER = YES;
				CLANG_WARN_RANGE_LOOP_ANALYSIS = YES;
				CLANG_WARN_STRICT_PROTOTYPES = YES;
				CLANG_WARN_SUSPICIOUS_MOVE = YES;
				CLANG_WARN_UNGUARDED_AVAILABILITY = YES_AGGRESSIVE;
				CLANG_WARN_UNREACHABLE_CODE = YES;
				CLANG_WARN__DUPLICATE_METHOD_MATCH = YES;
				COPY_PHASE_STRIP = NO;
				DEBUG_INFORMATION_FORMAT = "dwarf-with-dsym";
				ENABLE_NS_ASSERTIONS = NO;
				ENABLE_STRICT_OBJC_MSGSEND = YES;
				GCC_C_LANGUAGE_STANDARD = gnu11;
				GCC_NO_COMMON_BLOCKS = YES;
				GCC_WARN_64_TO_32_BIT_CONVERSION = YES;
				GCC_WARN_ABOUT_RETURN_TYPE = YES_ERROR;
				GCC_WARN_UNDECLARED_SELECTOR = YES;
				GCC_WARN_UNINITIALIZED_AUTOS = YES_AGGRESSIVE;
				GCC_WARN_UNUSED_FUNCTION = YES;
				GCC_WARN_UNUSED_VARIABLE = YES;
				IPHONEOS_DEPLOYMENT_TARGET = 16.4;
				MTL_ENABLE_DEBUG_INFO = NO;
				MTL_FAST_MATH = YES;
				SDKROOT = iphoneos;
				SWIFT_COMPILATION_MODE = wholemodule;
				SWIFT_OPTIMIZATION_LEVEL = "-O";
				VALIDATE_PRODUCT = YES;
			};
			name = Release;
		};
		C7D780152A65E9CE00AF20F6 /* Debug */ = {
			isa = XCBuildConfiguration;
			buildSettings = {
				ASSETCATALOG_COMPILER_APPICON_NAME = AppIcon;
				ASSETCATALOG_COMPILER_GLOBAL_ACCENT_COLOR_NAME = AccentColor;
				CODE_SIGN_STYLE = Automatic;
				CURRENT_PROJECT_VERSION = 1;
				DEVELOPMENT_ASSET_PATHS = "\"CoreDataProject/Preview Content\"";
				ENABLE_PREVIEWS = YES;
				GENERATE_INFOPLIST_FILE = YES;
				INFOPLIST_KEY_UIApplicationSceneManifest_Generation = YES;
				INFOPLIST_KEY_UIApplicationSupportsIndirectInputEvents = YES;
				INFOPLIST_KEY_UILaunchScreen_Generation = YES;
				INFOPLIST_KEY_UISupportedInterfaceOrientations_iPad = "UIInterfaceOrientationPortrait UIInterfaceOrientationPortraitUpsideDown UIInterfaceOrientationLandscapeLeft UIInterfaceOrientationLandscapeRight";
				INFOPLIST_KEY_UISupportedInterfaceOrientations_iPhone = "UIInterfaceOrientationPortrait UIInterfaceOrientationLandscapeLeft UIInterfaceOrientationLandscapeRight";
				LD_RUNPATH_SEARCH_PATHS = (
					"$(inherited)",
					"@executable_path/Frameworks",
				);
				MARKETING_VERSION = 1.0;
				PRODUCT_BUNDLE_IDENTIFIER = com.memoryallocation.CoreDataProject;
				PRODUCT_NAME = "$(TARGET_NAME)";
				SWIFT_EMIT_LOC_STRINGS = YES;
				SWIFT_VERSION = 5.0;
				TARGETED_DEVICE_FAMILY = "1,2";
			};
			name = Debug;
		};
		C7D780162A65E9CE00AF20F6 /* Release */ = {
			isa = XCBuildConfiguration;
			buildSettings = {
				ASSETCATALOG_COMPILER_APPICON_NAME = AppIcon;
				ASSETCATALOG_COMPILER_GLOBAL_ACCENT_COLOR_NAME = AccentColor;
				CODE_SIGN_STYLE = Automatic;
				CURRENT_PROJECT_VERSION = 1;
				DEVELOPMENT_ASSET_PATHS = "\"CoreDataProject/Preview Content\"";
				ENABLE_PREVIEWS = YES;
				GENERATE_INFOPLIST_FILE = YES;
				INFOPLIST_KEY_UIApplicationSceneManifest_Generation = YES;
				INFOPLIST_KEY_UIApplicationSupportsIndirectInputEvents = YES;
				INFOPLIST_KEY_UILaunchScreen_Generation = YES;
				INFOPLIST_KEY_UISupportedInterfaceOrientations_iPad = "UIInterfaceOrientationPortrait UIInterfaceOrientationPortraitUpsideDown UIInterfaceOrientationLandscapeLeft UIInterfaceOrientationLandscapeRight";
				INFOPLIST_KEY_UISupportedInterfaceOrientations_iPhone = "UIInterfaceOrientationPortrait UIInterfaceOrientationLandscapeLeft UIInterfaceOrientationLandscapeRight";
				LD_RUNPATH_SEARCH_PATHS = (
					"$(inherited)",
					"@executable_path/Frameworks",
				);
				MARKETING_VERSION = 1.0;
				PRODUCT_BUNDLE_IDENTIFIER = com.memoryallocation.CoreDataProject;
				PRODUCT_NAME = "$(TARGET_NAME)";
				SWIFT_EMIT_LOC_STRINGS = YES;
				SWIFT_VERSION = 5.0;
				TARGETED_DEVICE_FAMILY = "1,2";
			};
			name = Release;
		};
/* End XCBuildConfiguration section */

/* Begin XCConfigurationList section */
		C7D780012A65E9CC00AF20F6 /* Build configuration list for PBXProject "CoreDataProject" */ = {
			isa = XCConfigurationList;
			buildConfigurations = (
				C7D780122A65E9CE00AF20F6 /* Debug */,
				C7D780132A65E9CE00AF20F6 /* Release */,
			);
			defaultConfigurationIsVisible = 0;
			defaultConfigurationName = Release;
		};
		C7D780142A65E9CE00AF20F6 /* Build configuration list for PBXNativeTarget "CoreDataProject" */ = {
			isa = XCConfigurationList;
			buildConfigurations = (
				C7D780152A65E9CE00AF20F6 /* Debug */,
				C7D780162A65E9CE00AF20F6 /* Release */,
			);
			defaultConfigurationIsVisible = 0;
			defaultConfigurationName = Release;
		};
/* End XCConfigurationList section */

/* Begin XCVersionGroup section */
		C7D780192A65EC5600AF20F6 /* CoreDataProject.xcdatamodeld */ = {
			isa = XCVersionGroup;
			children = (
				C7D7801A2A65EC5600AF20F6 /* CoreDataProject.xcdatamodel */,
			);
			currentVersion = C7D7801A2A65EC5600AF20F6 /* CoreDataProject.xcdatamodel */;
			path = CoreDataProject.xcdatamodeld;
			sourceTree = "<group>";
			versionGroupType = wrapper.xcdatamodel;
		};
/* End XCVersionGroup section */
	};
	rootObject = C7D77FFE2A65E9CC00AF20F6 /* Project object */;
}
