// !$*UTF8*$!
{
	archiveVersion = 1;
	classes = {
	};
	objectVersion = 56;
	objects = {

/* Begin PBXBuildFile section */
		C754AD182A603C4600E1E9DC /* MoonshotApp.swift in Sources */ = {isa = PBXBuildFile; fileRef = C754AD172A603C4600E1E9DC /* MoonshotApp.swift */; };
		C754AD1A2A603C4600E1E9DC /* ContentView.swift in Sources */ = {isa = PBXBuildFile; fileRef = C754AD192A603C4600E1E9DC /* ContentView.swift */; };
		C754AD1C2A603C4800E1E9DC /* Assets.xcassets in Resources */ = {isa = PBXBuildFile; fileRef = C754AD1B2A603C4800E1E9DC /* Assets.xcassets */; };
		C754AD1F2A603C4800E1E9DC /* Preview Assets.xcassets in Resources */ = {isa = PBXBuildFile; fileRef = C754AD1E2A603C4800E1E9DC /* Preview Assets.xcassets */; };
		C754AD272A6071A500E1E9DC /* astronauts.json in Resources */ = {isa = PBXBuildFile; fileRef = C754AD252A6071A400E1E9DC /* astronauts.json */; };
		C754AD282A6071A500E1E9DC /* missions.json in Resources */ = {isa = PBXBuildFile; fileRef = C754AD262A6071A400E1E9DC /* missions.json */; };
		C754AD2A2A60722A00E1E9DC /* Astronaut.swift in Sources */ = {isa = PBXBuildFile; fileRef = C754AD292A60722A00E1E9DC /* Astronaut.swift */; };
		C754AD2C2A6072BD00E1E9DC /* Bundle-Decodable.swift in Sources */ = {isa = PBXBuildFile; fileRef = C754AD2B2A6072BD00E1E9DC /* Bundle-Decodable.swift */; };
		C754AD2E2A6078E200E1E9DC /* Mission.swift in Sources */ = {isa = PBXBuildFile; fileRef = C754AD2D2A6078E200E1E9DC /* Mission.swift */; };
		C754AD302A60892400E1E9DC /* Color-Theme.swift in Sources */ = {isa = PBXBuildFile; fileRef = C754AD2F2A60892400E1E9DC /* Color-Theme.swift */; };
		C754AD322A60990D00E1E9DC /* MissionView.swift in Sources */ = {isa = PBXBuildFile; fileRef = C754AD312A60990C00E1E9DC /* MissionView.swift */; };
		C754AD342A60B95200E1E9DC /* AstronautView.swift in Sources */ = {isa = PBXBuildFile; fileRef = C754AD332A60B95200E1E9DC /* AstronautView.swift */; };
		C754AD362A60FF0800E1E9DC /* CrewView.swift in Sources */ = {isa = PBXBuildFile; fileRef = C754AD352A60FF0800E1E9DC /* CrewView.swift */; };
/* End PBXBuildFile section */

/* Begin PBXFileReference section */
		C754AD142A603C4600E1E9DC /* Moonshot.app */ = {isa = PBXFileReference; explicitFileType = wrapper.application; includeInIndex = 0; path = Moonshot.app; sourceTree = BUILT_PRODUCTS_DIR; };
		C754AD172A603C4600E1E9DC /* MoonshotApp.swift */ = {isa = PBXFileReference; lastKnownFileType = sourcecode.swift; path = MoonshotApp.swift; sourceTree = "<group>"; };
		C754AD192A603C4600E1E9DC /* ContentView.swift */ = {isa = PBXFileReference; lastKnownFileType = sourcecode.swift; path = ContentView.swift; sourceTree = "<group>"; };
		C754AD1B2A603C4800E1E9DC /* Assets.xcassets */ = {isa = PBXFileReference; lastKnownFileType = folder.assetcatalog; path = Assets.xcassets; sourceTree = "<group>"; };
		C754AD1E2A603C4800E1E9DC /* Preview Assets.xcassets */ = {isa = PBXFileReference; lastKnownFileType = folder.assetcatalog; path = "Preview Assets.xcassets"; sourceTree = "<group>"; };
		C754AD252A6071A400E1E9DC /* astronauts.json */ = {isa = PBXFileReference; fileEncoding = 4; lastKnownFileType = text.json; name = astronauts.json; path = "../../HackingWithSwift/SwiftUI/project8-files/astronauts.json"; sourceTree = "<group>"; };
		C754AD262A6071A400E1E9DC /* missions.json */ = {isa = PBXFileReference; fileEncoding = 4; lastKnownFileType = text.json; name = missions.json; path = "../../HackingWithSwift/SwiftUI/project8-files/missions.json"; sourceTree = "<group>"; };
		C754AD292A60722A00E1E9DC /* Astronaut.swift */ = {isa = PBXFileReference; lastKnownFileType = sourcecode.swift; path = Astronaut.swift; sourceTree = "<group>"; };
		C754AD2B2A6072BD00E1E9DC /* Bundle-Decodable.swift */ = {isa = PBXFileReference; lastKnownFileType = sourcecode.swift; path = "Bundle-Decodable.swift"; sourceTree = "<group>"; };
		C754AD2D2A6078E200E1E9DC /* Mission.swift */ = {isa = PBXFileReference; lastKnownFileType = sourcecode.swift; path = Mission.swift; sourceTree = "<group>"; };
		C754AD2F2A60892400E1E9DC /* Color-Theme.swift */ = {isa = PBXFileReference; lastKnownFileType = sourcecode.swift; path = "Color-Theme.swift"; sourceTree = "<group>"; };
		C754AD312A60990C00E1E9DC /* MissionView.swift */ = {isa = PBXFileReference; lastKnownFileType = sourcecode.swift; path = MissionView.swift; sourceTree = "<group>"; };
		C754AD332A60B95200E1E9DC /* AstronautView.swift */ = {isa = PBXFileReference; lastKnownFileType = sourcecode.swift; path = AstronautView.swift; sourceTree = "<group>"; };
		C754AD352A60FF0800E1E9DC /* CrewView.swift */ = {isa = PBXFileReference; lastKnownFileType = sourcecode.swift; path = CrewView.swift; sourceTree = "<group>"; };
/* End PBXFileReference section */

/* Begin PBXFrameworksBuildPhase section */
		C754AD112A603C4600E1E9DC /* Frameworks */ = {
			isa = PBXFrameworksBuildPhase;
			buildActionMask = 2147483647;
			files = (
			);
			runOnlyForDeploymentPostprocessing = 0;
		};
/* End PBXFrameworksBuildPhase section */

/* Begin PBXGroup section */
		C754AD0B2A603C4600E1E9DC = {
			isa = PBXGroup;
			children = (
				C754AD162A603C4600E1E9DC /* Moonshot */,
				C754AD152A603C4600E1E9DC /* Products */,
			);
			sourceTree = "<group>";
		};
		C754AD152A603C4600E1E9DC /* Products */ = {
			isa = PBXGroup;
			children = (
				C754AD142A603C4600E1E9DC /* Moonshot.app */,
			);
			name = Products;
			sourceTree = "<group>";
		};
		C754AD162A603C4600E1E9DC /* Moonshot */ = {
			isa = PBXGroup;
			children = (
				C754AD332A60B95200E1E9DC /* AstronautView.swift */,
				C754AD172A603C4600E1E9DC /* MoonshotApp.swift */,
				C754AD312A60990C00E1E9DC /* MissionView.swift */,
				C754AD352A60FF0800E1E9DC /* CrewView.swift */,
				C754AD192A603C4600E1E9DC /* ContentView.swift */,
				C754AD292A60722A00E1E9DC /* Astronaut.swift */,
				C754AD2B2A6072BD00E1E9DC /* Bundle-Decodable.swift */,
				C754AD2F2A60892400E1E9DC /* Color-Theme.swift */,
				C754AD2D2A6078E200E1E9DC /* Mission.swift */,
				C754AD252A6071A400E1E9DC /* astronauts.json */,
				C754AD262A6071A400E1E9DC /* missions.json */,
				C754AD1B2A603C4800E1E9DC /* Assets.xcassets */,
				C754AD1D2A603C4800E1E9DC /* Preview Content */,
			);
			path = Moonshot;
			sourceTree = "<group>";
		};
		C754AD1D2A603C4800E1E9DC /* Preview Content */ = {
			isa = PBXGroup;
			children = (
				C754AD1E2A603C4800E1E9DC /* Preview Assets.xcassets */,
			);
			path = "Preview Content";
			sourceTree = "<group>";
		};
/* End PBXGroup section */

/* Begin PBXNativeTarget section */
		C754AD132A603C4600E1E9DC /* Moonshot */ = {
			isa = PBXNativeTarget;
			buildConfigurationList = C754AD222A603C4800E1E9DC /* Build configuration list for PBXNativeTarget "Moonshot" */;
			buildPhases = (
				C754AD102A603C4600E1E9DC /* Sources */,
				C754AD112A603C4600E1E9DC /* Frameworks */,
				C754AD122A603C4600E1E9DC /* Resources */,
			);
			buildRules = (
			);
			dependencies = (
			);
			name = Moonshot;
			productName = Moonshot;
			productReference = C754AD142A603C4600E1E9DC /* Moonshot.app */;
			productType = "com.apple.product-type.application";
		};
/* End PBXNativeTarget section */

/* Begin PBXProject section */
		C754AD0C2A603C4600E1E9DC /* Project object */ = {
			isa = PBXProject;
			attributes = {
				BuildIndependentTargetsInParallel = 1;
				LastSwiftUpdateCheck = 1430;
				LastUpgradeCheck = 1430;
				TargetAttributes = {
					C754AD132A603C4600E1E9DC = {
						CreatedOnToolsVersion = 14.3.1;
					};
				};
			};
			buildConfigurationList = C754AD0F2A603C4600E1E9DC /* Build configuration list for PBXProject "Moonshot" */;
			compatibilityVersion = "Xcode 14.0";
			developmentRegion = en;
			hasScannedForEncodings = 0;
			knownRegions = (
				en,
				Base,
			);
			mainGroup = C754AD0B2A603C4600E1E9DC;
			productRefGroup = C754AD152A603C4600E1E9DC /* Products */;
			projectDirPath = "";
			projectRoot = "";
			targets = (
				C754AD132A603C4600E1E9DC /* Moonshot */,
			);
		};
/* End PBXProject section */

/* Begin PBXResourcesBuildPhase section */
		C754AD122A603C4600E1E9DC /* Resources */ = {
			isa = PBXResourcesBuildPhase;
			buildActionMask = 2147483647;
			files = (
				C754AD272A6071A500E1E9DC /* astronauts.json in Resources */,
				C754AD1F2A603C4800E1E9DC /* Preview Assets.xcassets in Resources */,
				C754AD282A6071A500E1E9DC /* missions.json in Resources */,
				C754AD1C2A603C4800E1E9DC /* Assets.xcassets in Resources */,
			);
			runOnlyForDeploymentPostprocessing = 0;
		};
/* End PBXResourcesBuildPhase section */

/* Begin PBXSourcesBuildPhase section */
		C754AD102A603C4600E1E9DC /* Sources */ = {
			isa = PBXSourcesBuildPhase;
			buildActionMask = 2147483647;
			files = (
				C754AD322A60990D00E1E9DC /* MissionView.swift in Sources */,
				C754AD362A60FF0800E1E9DC /* CrewView.swift in Sources */,
				C754AD2A2A60722A00E1E9DC /* Astronaut.swift in Sources */,
				C754AD342A60B95200E1E9DC /* AstronautView.swift in Sources */,
				C754AD302A60892400E1E9DC /* Color-Theme.swift in Sources */,
				C754AD1A2A603C4600E1E9DC /* ContentView.swift in Sources */,
				C754AD182A603C4600E1E9DC /* MoonshotApp.swift in Sources */,
				C754AD2E2A6078E200E1E9DC /* Mission.swift in Sources */,
				C754AD2C2A6072BD00E1E9DC /* Bundle-Decodable.swift in Sources */,
			);
			runOnlyForDeploymentPostprocessing = 0;
		};
/* End PBXSourcesBuildPhase section */

/* Begin XCBuildConfiguration section */
		C754AD202A603C4800E1E9DC /* Debug */ = {
			isa = XCBuildConfiguration;
			buildSettings = {
				ALWAYS_SEARCH_USER_PATHS = NO;
				CLANG_ANALYZER_NONNULL = YES;
				CLANG_ANALYZER_NUMBER_OBJECT_CONVERSION = YES_AGGRESSIVE;
				CLANG_CXX_LANGUAGE_STANDARD = "gnu++20";
				CLANG_ENABLE_MODULES = YES;
				CLANG_ENABLE_OBJC_ARC = YES;
				CLANG_ENABLE_OBJC_WEAK = YES;
				CLANG_WARN_BLOCK_CAPTURE_AUTORELEASING = YES;
				CLANG_WARN_BOOL_CONVERSION = YES;
				CLANG_WARN_COMMA = YES;
				CLANG_WARN_CONSTANT_CONVERSION = YES;
				CLANG_WARN_DEPRECATED_OBJC_IMPLEMENTATIONS = YES;
				CLANG_WARN_DIRECT_OBJC_ISA_USAGE = YES_ERROR;
				CLANG_WARN_DOCUMENTATION_COMMENTS = YES;
				CLANG_WARN_EMPTY_BODY = YES;
				CLANG_WARN_ENUM_CONVERSION = YES;
				CLANG_WARN_INFINITE_RECURSION = YES;
				CLANG_WARN_INT_CONVERSION = YES;
				CLANG_WARN_NON_LITERAL_NULL_CONVERSION = YES;
				CLANG_WARN_OBJC_IMPLICIT_RETAIN_SELF = YES;
				CLANG_WARN_OBJC_LITERAL_CONVERSION = YES;
				CLANG_WARN_OBJC_ROOT_CLASS = YES_ERROR;
				CLANG_WARN_QUOTED_INCLUDE_IN_FRAMEWORK_HEADER = YES;
				CLANG_WARN_RANGE_LOOP_ANALYSIS = YES;
				CLANG_WARN_STRICT_PROTOTYPES = YES;
				CLANG_WARN_SUSPICIOUS_MOVE = YES;
				CLANG_WARN_UNGUARDED_AVAILABILITY = YES_AGGRESSIVE;
				CLANG_WARN_UNREACHABLE_CODE = YES;
				CLANG_WARN__DUPLICATE_METHOD_MATCH = YES;
				COPY_PHASE_STRIP = NO;
				DEBUG_INFORMATION_FORMAT = dwarf;
				ENABLE_STRICT_OBJC_MSGSEND = YES;
				ENABLE_TESTABILITY = YES;
				GCC_C_LANGUAGE_STANDARD = gnu11;
				GCC_DYNAMIC_NO_PIC = NO;
				GCC_NO_COMMON_BLOCKS = YES;
				GCC_OPTIMIZATION_LEVEL = 0;
				GCC_PREPROCESSOR_DEFINITIONS = (
					"DEBUG=1",
					"$(inherited)",
				);
				GCC_WARN_64_TO_32_BIT_CONVERSION = YES;
				GCC_WARN_ABOUT_RETURN_TYPE = YES_ERROR;
				GCC_WARN_UNDECLARED_SELECTOR = YES;
				GCC_WARN_UNINITIALIZED_AUTOS = YES_AGGRESSIVE;
				GCC_WARN_UNUSED_FUNCTION = YES;
				GCC_WARN_UNUSED_VARIABLE = YES;
				IPHONEOS_DEPLOYMENT_TARGET = 16.4;
				MTL_ENABLE_DEBUG_INFO = INCLUDE_SOURCE;
				MTL_FAST_MATH = YES;
				ONLY_ACTIVE_ARCH = YES;
				SDKROOT = iphoneos;
				SWIFT_ACTIVE_COMPILATION_CONDITIONS = DEBUG;
				SWIFT_OPTIMIZATION_LEVEL = "-Onone";
			};
			name = Debug;
		};
		C754AD212A603C4800E1E9DC /* Release */ = {
			isa = XCBuildConfiguration;
			buildSettings = {
				ALWAYS_SEARCH_USER_PATHS = NO;
				CLANG_ANALYZER_NONNULL = YES;
				CLANG_ANALYZER_NUMBER_OBJECT_CONVERSION = YES_AGGRESSIVE;
				CLANG_CXX_LANGUAGE_STANDARD = "gnu++20";
				CLANG_ENABLE_MODULES = YES;
				CLANG_ENABLE_OBJC_ARC = YES;
				CLANG_ENABLE_OBJC_WEAK = YES;
				CLANG_WARN_BLOCK_CAPTURE_AUTORELEASING = YES;
				CLANG_WARN_BOOL_CONVERSION = YES;
				CLANG_WARN_COMMA = YES;
				CLANG_WARN_CONSTANT_CONVERSION = YES;
				CLANG_WARN_DEPRECATED_OBJC_IMPLEMENTATIONS = YES;
				CLANG_WARN_DIRECT_OBJC_ISA_USAGE = YES_ERROR;
				CLANG_WARN_DOCUMENTATION_COMMENTS = YES;
				CLANG_WARN_EMPTY_BODY = YES;
				CLANG_WARN_ENUM_CONVERSION = YES;
				CLANG_WARN_INFINITE_RECURSION = YES;
				CLANG_WARN_INT_CONVERSION = YES;
				CLANG_WARN_NON_LITERAL_NULL_CONVERSION = YES;
				CLANG_WARN_OBJC_IMPLICIT_RETAIN_SELF = YES;
				CLANG_WARN_OBJC_LITERAL_CONVERSION = YES;
				CLANG_WARN_OBJC_ROOT_CLASS = YES_ERROR;
				CLANG_WARN_QUOTED_INCLUDE_IN_FRAMEWORK_HEADER = YES;
				CLANG_WARN_RANGE_LOOP_ANALYSIS = YES;
				CLANG_WARN_STRICT_PROTOTYPES = YES;
				CLANG_WARN_SUSPICIOUS_MOVE = YES;
				CLANG_WARN_UNGUARDED_AVAILABILITY = YES_AGGRESSIVE;
				CLANG_WARN_UNREACHABLE_CODE = YES;
				CLANG_WARN__DUPLICATE_METHOD_MATCH = YES;
				COPY_PHASE_STRIP = NO;
				DEBUG_INFORMATION_FORMAT = "dwarf-with-dsym";
				ENABLE_NS_ASSERTIONS = NO;
				ENABLE_STRICT_OBJC_MSGSEND = YES;
				GCC_C_LANGUAGE_STANDARD = gnu11;
				GCC_NO_COMMON_BLOCKS = YES;
				GCC_WARN_64_TO_32_BIT_CONVERSION = YES;
				GCC_WARN_ABOUT_RETURN_TYPE = YES_ERROR;
				GCC_WARN_UNDECLARED_SELECTOR = YES;
				GCC_WARN_UNINITIALIZED_AUTOS = YES_AGGRESSIVE;
				GCC_WARN_UNUSED_FUNCTION = YES;
				GCC_WARN_UNUSED_VARIABLE = YES;
				IPHONEOS_DEPLOYMENT_TARGET = 16.4;
				MTL_ENABLE_DEBUG_INFO = NO;
				MTL_FAST_MATH = YES;
				SDKROOT = iphoneos;
				SWIFT_COMPILATION_MODE = wholemodule;
				SWIFT_OPTIMIZATION_LEVEL = "-O";
				VALIDATE_PRODUCT = YES;
			};
			name = Release;
		};
		C754AD232A603C4800E1E9DC /* Debug */ = {
			isa = XCBuildConfiguration;
			buildSettings = {
				ASSETCATALOG_COMPILER_APPICON_NAME = AppIcon;
				ASSETCATALOG_COMPILER_GLOBAL_ACCENT_COLOR_NAME = AccentColor;
				CODE_SIGN_STYLE = Automatic;
				CURRENT_PROJECT_VERSION = 1;
				DEVELOPMENT_ASSET_PATHS = "\"Moonshot/Preview Content\"";
				ENABLE_PREVIEWS = YES;
				GENERATE_INFOPLIST_FILE = YES;
				INFOPLIST_KEY_UIApplicationSceneManifest_Generation = YES;
				INFOPLIST_KEY_UIApplicationSupportsIndirectInputEvents = YES;
				INFOPLIST_KEY_UILaunchScreen_Generation = YES;
				INFOPLIST_KEY_UISupportedInterfaceOrientations_iPad = "UIInterfaceOrientationPortrait UIInterfaceOrientationPortraitUpsideDown UIInterfaceOrientationLandscapeLeft UIInterfaceOrientationLandscapeRight";
				INFOPLIST_KEY_UISupportedInterfaceOrientations_iPhone = "UIInterfaceOrientationPortrait UIInterfaceOrientationLandscapeLeft UIInterfaceOrientationLandscapeRight";
				LD_RUNPATH_SEARCH_PATHS = (
					"$(inherited)",
					"@executable_path/Frameworks",
				);
				MARKETING_VERSION = 1.0;
				PRODUCT_BUNDLE_IDENTIFIER = com.memoryallocation.Moonshot;
				PRODUCT_NAME = "$(TARGET_NAME)";
				SWIFT_EMIT_LOC_STRINGS = YES;
				SWIFT_VERSION = 5.0;
				TARGETED_DEVICE_FAMILY = "1,2";
			};
			name = Debug;
		};
		C754AD242A603C4800E1E9DC /* Release */ = {
			isa = XCBuildConfiguration;
			buildSettings = {
				ASSETCATALOG_COMPILER_APPICON_NAME = AppIcon;
				ASSETCATALOG_COMPILER_GLOBAL_ACCENT_COLOR_NAME = AccentColor;
				CODE_SIGN_STYLE = Automatic;
				CURRENT_PROJECT_VERSION = 1;
				DEVELOPMENT_ASSET_PATHS = "\"Moonshot/Preview Content\"";
				ENABLE_PREVIEWS = YES;
				GENERATE_INFOPLIST_FILE = YES;
				INFOPLIST_KEY_UIApplicationSceneManifest_Generation = YES;
				INFOPLIST_KEY_UIApplicationSupportsIndirectInputEvents = YES;
				INFOPLIST_KEY_UILaunchScreen_Generation = YES;
				INFOPLIST_KEY_UISupportedInterfaceOrientations_iPad = "UIInterfaceOrientationPortrait UIInterfaceOrientationPortraitUpsideDown UIInterfaceOrientationLandscapeLeft UIInterfaceOrientationLandscapeRight";
				INFOPLIST_KEY_UISupportedInterfaceOrientations_iPhone = "UIInterfaceOrientationPortrait UIInterfaceOrientationLandscapeLeft UIInterfaceOrientationLandscapeRight";
				LD_RUNPATH_SEARCH_PATHS = (
					"$(inherited)",
					"@executable_path/Frameworks",
				);
				MARKETING_VERSION = 1.0;
				PRODUCT_BUNDLE_IDENTIFIER = com.memoryallocation.Moonshot;
				PRODUCT_NAME = "$(TARGET_NAME)";
				SWIFT_EMIT_LOC_STRINGS = YES;
				SWIFT_VERSION = 5.0;
				TARGETED_DEVICE_FAMILY = "1,2";
			};
			name = Release;
		};
/* End XCBuildConfiguration section */

/* Begin XCConfigurationList section */
		C754AD0F2A603C4600E1E9DC /* Build configuration list for PBXProject "Moonshot" */ = {
			isa = XCConfigurationList;
			buildConfigurations = (
				C754AD202A603C4800E1E9DC /* Debug */,
				C754AD212A603C4800E1E9DC /* Release */,
			);
			defaultConfigurationIsVisible = 0;
			defaultConfigurationName = Release;
		};
		C754AD222A603C4800E1E9DC /* Build configuration list for PBXNativeTarget "Moonshot" */ = {
			isa = XCConfigurationList;
			buildConfigurations = (
				C754AD232A603C4800E1E9DC /* Debug */,
				C754AD242A603C4800E1E9DC /* Release */,
			);
			defaultConfigurationIsVisible = 0;
			defaultConfigurationName = Release;
		};
/* End XCConfigurationList section */
	};
	rootObject = C754AD0C2A603C4600E1E9DC /* Project object */;
}
